
Microsoft Visual Studio Solution File, Format Version 12.00
# Visual Studio Version 16
VisualStudioVersion = 16.0.29306.81
MinimumVisualStudioVersion = 10.0.40219.1
Project("{FAE04EC0-301F-11D3-BF4B-00C04F79EFBC}") = "GAIN3", "GAIN3\GAIN3.csproj", "{A3EF6ACC-5981-419B-9D3A-A12CC45A38C4}"
EndProject
Global
	GlobalSection(SolutionConfigurationPlatforms) = preSolution
		Debug|Any CPU = Debug|Any CPU
		Release|Any CPU = Release|Any CPU
	EndGlobalSection
	GlobalSection(ProjectConfigurationPlatforms) = postSolution
		{A3EF6ACC-5981-419B-9D3A-A12CC45A38C4}.Debug|Any CPU.ActiveCfg = Debug|Any CPU
		{A3EF6ACC-5981-419B-9D3A-A12CC45A38C4}.Debug|Any CPU.Build.0 = Debug|Any CPU
		{A3EF6ACC-5981-419B-9D3A-A12CC45A38C4}.Release|Any CPU.ActiveCfg = Release|Any CPU
		{A3EF6ACC-5981-419B-9D3A-A12CC45A38C4}.Release|Any CPU.Build.0 = Release|Any CPU
	EndGlobalSection
	GlobalSection(SolutionProperties) = preSolution
		HideSolutionNode = FALSE
	EndGlobalSection
	GlobalSection(ExtensibilityGlobals) = postSolution
		SolutionGuid = {92CBA7CF-15C5-4B76-A8B8-84A0EBAAE7E5}
	EndGlobalSection
EndGlobal
